
Microsoft Visual Studio Solution File, Format Version 12.00
# Visual Studio Version 17
VisualStudioVersion = 17.4.33213.308
MinimumVisualStudioVersion = 10.0.40219.1
Project("{FAE04EC0-301F-11D3-BF4B-00C04F79EFBC}") = "WhiteRabbitTelegram", "WhiteRabbitTelegram\WhiteRabbitTelegram.csproj", "{11FFBCA5-0F40-4ADE-A93E-A101867134DD}"
EndProject
Global
	GlobalSection(SolutionConfigurationPlatforms) = preSolution
		Debug|Any CPU = Debug|Any CPU
		Release|Any CPU = Release|Any CPU
	EndGlobalSection
	GlobalSection(ProjectConfigurationPlatforms) = postSolution
		{11FFBCA5-0F40-4ADE-A93E-A101867134DD}.Debug|Any CPU.ActiveCfg = Debug|Any CPU
		{11FFBCA5-0F40-4ADE-A93E-A101867134DD}.Debug|Any CPU.Build.0 = Debug|Any CPU
		{11FFBCA5-0F40-4ADE-A93E-A101867134DD}.Release|Any CPU.ActiveCfg = Release|Any CPU
		{11FFBCA5-0F40-4ADE-A93E-A101867134DD}.Release|Any CPU.Build.0 = Release|Any CPU
	EndGlobalSection
	GlobalSection(SolutionProperties) = preSolution
		HideSolutionNode = FALSE
	EndGlobalSection
	GlobalSection(ExtensibilityGlobals) = postSolution
		SolutionGuid = {996B08A0-D4C2-447C-90FF-CF0720853D71}
	EndGlobalSection
EndGlobal
